
Microsoft Visual Studio Solution File, Format Version 12.00
# Visual Studio Version 17
VisualStudioVersion = 17.1.32228.430
MinimumVisualStudioVersion = 10.0.40219.1
Project("{FAE04EC0-301F-11D3-BF4B-00C04F79EFBC}") = "DiceResultLib", "DiceResultLib\DiceResultLib.csproj", "{F885AEE6-0A36-4174-A894-8F915213903A}"
EndProject
Project("{FAE04EC0-301F-11D3-BF4B-00C04F79EFBC}") = "DiceResultLibTests", "DiceResultLibTests\DiceResultLibTests.csproj", "{29FF2A0B-51D0-4D9B-AA29-BED95D6DB755}"
EndProject
Global
	GlobalSection(SolutionConfigurationPlatforms) = preSolution
		Debug|Any CPU = Debug|Any CPU
		Release|Any CPU = Release|Any CPU
	EndGlobalSection
	GlobalSection(ProjectConfigurationPlatforms) = postSolution
		{F885AEE6-0A36-4174-A894-8F915213903A}.Debug|Any CPU.ActiveCfg = Debug|Any CPU
		{F885AEE6-0A36-4174-A894-8F915213903A}.Debug|Any CPU.Build.0 = Debug|Any CPU
		{F885AEE6-0A36-4174-A894-8F915213903A}.Release|Any CPU.ActiveCfg = Release|Any CPU
		{F885AEE6-0A36-4174-A894-8F915213903A}.Release|Any CPU.Build.0 = Release|Any CPU
		{29FF2A0B-51D0-4D9B-AA29-BED95D6DB755}.Debug|Any CPU.ActiveCfg = Debug|Any CPU
		{29FF2A0B-51D0-4D9B-AA29-BED95D6DB755}.Debug|Any CPU.Build.0 = Debug|Any CPU
		{29FF2A0B-51D0-4D9B-AA29-BED95D6DB755}.Release|Any CPU.ActiveCfg = Release|Any CPU
		{29FF2A0B-51D0-4D9B-AA29-BED95D6DB755}.Release|Any CPU.Build.0 = Release|Any CPU
	EndGlobalSection
	GlobalSection(SolutionProperties) = preSolution
		HideSolutionNode = FALSE
	EndGlobalSection
	GlobalSection(ExtensibilityGlobals) = postSolution
		SolutionGuid = {CC918B4A-B499-42FA-8319-0C9D8A96775C}
	EndGlobalSection
EndGlobal
